
Microsoft Visual Studio Solution File, Format Version 12.00
# Visual Studio Version 17
VisualStudioVersion = 17.1.32210.238
MinimumVisualStudioVersion = 10.0.40219.1
Project("{9A19103F-16F7-4668-BE54-9A1E7A4F7556}") = "FormatConverter", "FormatConverter\FormatConverter.csproj", "{BF2E0003-4529-4D93-BF8B-36C3AE30F3D2}"
EndProject
Project("{54435603-DBB4-11D2-8724-00A0C9A8B90C}") = "FormatConverterInstaller", "FormatConverterInstaller\FormatConverterInstaller.vdproj", "{949282BB-72C7-46E2-802C-AB4E0A4E1742}"
EndProject
Global
	GlobalSection(SolutionConfigurationPlatforms) = preSolution
		Debug|Any CPU = Debug|Any CPU
		Release|Any CPU = Release|Any CPU
	EndGlobalSection
	GlobalSection(ProjectConfigurationPlatforms) = postSolution
		{BF2E0003-4529-4D93-BF8B-36C3AE30F3D2}.Debug|Any CPU.ActiveCfg = Debug|Any CPU
		{BF2E0003-4529-4D93-BF8B-36C3AE30F3D2}.Debug|Any CPU.Build.0 = Debug|Any CPU
		{BF2E0003-4529-4D93-BF8B-36C3AE30F3D2}.Release|Any CPU.ActiveCfg = Release|Any CPU
		{BF2E0003-4529-4D93-BF8B-36C3AE30F3D2}.Release|Any CPU.Build.0 = Release|Any CPU
		{949282BB-72C7-46E2-802C-AB4E0A4E1742}.Debug|Any CPU.ActiveCfg = Debug
		{949282BB-72C7-46E2-802C-AB4E0A4E1742}.Release|Any CPU.ActiveCfg = Release
	EndGlobalSection
	GlobalSection(SolutionProperties) = preSolution
		HideSolutionNode = FALSE
	EndGlobalSection
	GlobalSection(ExtensibilityGlobals) = postSolution
		SolutionGuid = {775F5291-DE8E-4C4E-B093-37139F8066A9}
	EndGlobalSection
EndGlobal
